
Microsoft Visual Studio Solution File, Format Version 12.00
# Visual Studio Version 16
VisualStudioVersion = 16.0.31410.357
MinimumVisualStudioVersion = 10.0.40219.1
Project("{8BC9CEB8-8B4A-11D0-8D11-00A0C91BC942}") = "Jyamithika", "Jyamithika\Jyamithika.vcxproj", "{1C356D6F-F35E-48B2-BA47-3B3D828ED93A}"
EndProject
Project("{2150E333-8FDC-42A3-9474-1A3956D46DE8}") = "Tests", "Tests", "{86C755D6-48D7-439D-AD96-9447EB3FCADD}"
EndProject
Project("{2150E333-8FDC-42A3-9474-1A3956D46DE8}") = "Samples", "Samples", "{A481C6F0-31A2-4F6E-BFC9-6B851BC304D9}"
EndProject
Project("{2150E333-8FDC-42A3-9474-1A3956D46DE8}") = "Graphics", "Graphics", "{471348E6-7EC2-48BB-BA39-F600E4B870CC}"
EndProject
Project("{2150E333-8FDC-42A3-9474-1A3956D46DE8}") = "Jyamithika", "Jyamithika", "{056B7D6E-520D-4514-B1E1-1F133971B504}"
EndProject
Project("{8BC9CEB8-8B4A-11D0-8D11-00A0C91BC942}") = "RobotMotionPlaning", "Samples\RobotMotionPlaning\RobotMotionPlaning.vcxproj", "{342AD5A5-D9EF-44C3-84B6-4562C1751075}"
EndProject
Project("{8BC9CEB8-8B4A-11D0-8D11-00A0C91BC942}") = "Convexhull2D", "Samples\Convexhull2D\Convexhull2D.vcxproj", "{96F96826-D0FB-4676-8039-6E346D2E26A0}"
EndProject
Project("{8BC9CEB8-8B4A-11D0-8D11-00A0C91BC942}") = "Convexhull3D", "Samples\Convexhull3D\Convexhull3D.vcxproj", "{8EAFD93D-4005-44DE-95DB-CA281784D80B}"
EndProject
Project("{8BC9CEB8-8B4A-11D0-8D11-00A0C91BC942}") = "PolygonTriangulation", "Samples\PolygonTriangulation\PolygonTriangulation.vcxproj", "{5708C742-2DE2-448F-9B8B-755FAB03F989}"
EndProject
Project("{8BC9CEB8-8B4A-11D0-8D11-00A0C91BC942}") = "LineSegmentIntersection", "Samples\LineSegmentIntersection\LineSegmentIntersection.vcxproj", "{0D54F605-62A4-455B-9312-8081FE2A3459}"
EndProject
Project("{8BC9CEB8-8B4A-11D0-8D11-00A0C91BC942}") = "KDTreeVisualization", "Samples\KDTreeVisualization\KDTreeVisualization.vcxproj", "{AF40870D-4CF8-4830-BA54-8ED933E329AF}"
EndProject
Project("{8BC9CEB8-8B4A-11D0-8D11-00A0C91BC942}") = "TrapezoidMaps", "Samples\TrapezoidMaps\TrapezoidMaps.vcxproj", "{B3940023-F2AF-45E0-A274-D841B3B9E578}"
EndProject
Project("{8BC9CEB8-8B4A-11D0-8D11-00A0C91BC942}") = "VoronoiDiragram", "Samples\VoronoiDiragram\VoronoiDiragram.vcxproj", "{FD0C7BA2-F727-42E7-839F-3CB59E9B7627}"
EndProject
Project("{8BC9CEB8-8B4A-11D0-8D11-00A0C91BC942}") = "BSPVisualization", "Samples\BSPVisualization\BSPVisualization.vcxproj", "{9BF1CF1F-476D-4ACD-8342-E73D9C835266}"
EndProject
Project("{8BC9CEB8-8B4A-11D0-8D11-00A0C91BC942}") = "GraphicUtils", "Graphics\GraphicUtils\GraphicUtils.vcxproj", "{69A4E05E-30CD-4992-8B57-27FDBFCF8276}"
EndProject
Project("{8BC9CEB8-8B4A-11D0-8D11-00A0C91BC942}") = "JMKCoreUnitTests", "Tests\JMKCoreUnitTests\JMKCoreUnitTests.vcxproj", "{C451D780-B9B8-46ED-B646-36C0A23F1614}"
EndProject
Project("{8BC9CEB8-8B4A-11D0-8D11-00A0C91BC942}") = "JMKAlgorithmsTests", "Tests\JMKAlgorithmsTests\JMKAlgorithmsTests.vcxproj", "{B16066AF-F4F0-476A-8DC3-4FCB8B265D2D}"
	ProjectSection(ProjectDependencies) = postProject
		{1C356D6F-F35E-48B2-BA47-3B3D828ED93A} = {1C356D6F-F35E-48B2-BA47-3B3D828ED93A}
	EndProjectSection
EndProject
Project("{8BC9CEB8-8B4A-11D0-8D11-00A0C91BC942}") = "GLAD", "Graphics\Externals\GLAD\GLAD.vcxproj", "{AD33D590-AB92-4D0D-B38C-EC1647E3FD18}"
EndProject
Project("{8BC9CEB8-8B4A-11D0-8D11-00A0C91BC942}") = "QuadTreeVisualization", "Samples\QuadTreeVisualization\QuadTreeVisualization.vcxproj", "{07B0132E-1E12-419E-9CE9-203F6379300C}"
EndProject
Project("{8BC9CEB8-8B4A-11D0-8D11-00A0C91BC942}") = "GameOfLife", "Samples\GameOfLife\GameOfLife.vcxproj", "{BCD074AD-5EAF-47CB-AD3F-4F548D7F3D0A}"
EndProject
Global
	GlobalSection(SolutionConfigurationPlatforms) = preSolution
		Debug|x64 = Debug|x64
		Debug|x86 = Debug|x86
		Release|x64 = Release|x64
		Release|x86 = Release|x86
	EndGlobalSection
	GlobalSection(ProjectConfigurationPlatforms) = postSolution
		{1C356D6F-F35E-48B2-BA47-3B3D828ED93A}.Debug|x64.ActiveCfg = Debug|x64
		{1C356D6F-F35E-48B2-BA47-3B3D828ED93A}.Debug|x64.Build.0 = Debug|x64
		{1C356D6F-F35E-48B2-BA47-3B3D828ED93A}.Debug|x86.ActiveCfg = Debug|Win32
		{1C356D6F-F35E-48B2-BA47-3B3D828ED93A}.Debug|x86.Build.0 = Debug|Win32
		{1C356D6F-F35E-48B2-BA47-3B3D828ED93A}.Release|x64.ActiveCfg = Release|x64
		{1C356D6F-F35E-48B2-BA47-3B3D828ED93A}.Release|x64.Build.0 = Release|x64
		{1C356D6F-F35E-48B2-BA47-3B3D828ED93A}.Release|x86.ActiveCfg = Release|Win32
		{1C356D6F-F35E-48B2-BA47-3B3D828ED93A}.Release|x86.Build.0 = Release|Win32
		{342AD5A5-D9EF-44C3-84B6-4562C1751075}.Debug|x64.ActiveCfg = Debug|x64
		{342AD5A5-D9EF-44C3-84B6-4562C1751075}.Debug|x64.Build.0 = Debug|x64
		{342AD5A5-D9EF-44C3-84B6-4562C1751075}.Debug|x86.ActiveCfg = Debug|Win32
		{342AD5A5-D9EF-44C3-84B6-4562C1751075}.Debug|x86.Build.0 = Debug|Win32
		{342AD5A5-D9EF-44C3-84B6-4562C1751075}.Release|x64.ActiveCfg = Release|x64
		{342AD5A5-D9EF-44C3-84B6-4562C1751075}.Release|x64.Build.0 = Release|x64
		{342AD5A5-D9EF-44C3-84B6-4562C1751075}.Release|x86.ActiveCfg = Release|Win32
		{342AD5A5-D9EF-44C3-84B6-4562C1751075}.Release|x86.Build.0 = Release|Win32
		{96F96826-D0FB-4676-8039-6E346D2E26A0}.Debug|x64.ActiveCfg = Debug|x64
		{96F96826-D0FB-4676-8039-6E346D2E26A0}.Debug|x64.Build.0 = Debug|x64
		{96F96826-D0FB-4676-8039-6E346D2E26A0}.Debug|x86.ActiveCfg = Debug|Win32
		{96F96826-D0FB-4676-8039-6E346D2E26A0}.Debug|x86.Build.0 = Debug|Win32
		{96F96826-D0FB-4676-8039-6E346D2E26A0}.Release|x64.ActiveCfg = Release|x64
		{96F96826-D0FB-4676-8039-6E346D2E26A0}.Release|x64.Build.0 = Release|x64
		{96F96826-D0FB-4676-8039-6E346D2E26A0}.Release|x86.ActiveCfg = Release|Win32
		{96F96826-D0FB-4676-8039-6E346D2E26A0}.Release|x86.Build.0 = Release|Win32
		{8EAFD93D-4005-44DE-95DB-CA281784D80B}.Debug|x64.ActiveCfg = Debug|x64
		{8EAFD93D-4005-44DE-95DB-CA281784D80B}.Debug|x64.Build.0 = Debug|x64
		{8EAFD93D-4005-44DE-95DB-CA281784D80B}.Debug|x86.ActiveCfg = Debug|Win32
		{8EAFD93D-4005-44DE-95DB-CA281784D80B}.Debug|x86.Build.0 = Debug|Win32
		{8EAFD93D-4005-44DE-95DB-CA281784D80B}.Release|x64.ActiveCfg = Release|x64
		{8EAFD93D-4005-44DE-95DB-CA281784D80B}.Release|x64.Build.0 = Release|x64
		{8EAFD93D-4005-44DE-95DB-CA281784D80B}.Release|x86.ActiveCfg = Release|Win32
		{8EAFD93D-4005-44DE-95DB-CA281784D80B}.Release|x86.Build.0 = Release|Win32
		{5708C742-2DE2-448F-9B8B-755FAB03F989}.Debug|x64.ActiveCfg = Debug|x64
		{5708C742-2DE2-448F-9B8B-755FAB03F989}.Debug|x64.Build.0 = Debug|x64
		{5708C742-2DE2-448F-9B8B-755FAB03F989}.Debug|x86.ActiveCfg = Debug|Win32
		{5708C742-2DE2-448F-9B8B-755FAB03F989}.Debug|x86.Build.0 = Debug|Win32
		{5708C742-2DE2-448F-9B8B-755FAB03F989}.Release|x64.ActiveCfg = Release|x64
		{5708C742-2DE2-448F-9B8B-755FAB03F989}.Release|x64.Build.0 = Release|x64
		{5708C742-2DE2-448F-9B8B-755FAB03F989}.Release|x86.ActiveCfg = Release|Win32
		{5708C742-2DE2-448F-9B8B-755FAB03F989}.Release|x86.Build.0 = Release|Win32
		{0D54F605-62A4-455B-9312-8081FE2A3459}.Debug|x64.ActiveCfg = Debug|x64
		{0D54F605-62A4-455B-9312-8081FE2A3459}.Debug|x64.Build.0 = Debug|x64
		{0D54F605-62A4-455B-9312-8081FE2A3459}.Debug|x86.ActiveCfg = Debug|Win32
		{0D54F605-62A4-455B-9312-8081FE2A3459}.Debug|x86.Build.0 = Debug|Win32
		{0D54F605-62A4-455B-9312-8081FE2A3459}.Release|x64.ActiveCfg = Release|x64
		{0D54F605-62A4-455B-9312-8081FE2A3459}.Release|x64.Build.0 = Release|x64
		{0D54F605-62A4-455B-9312-8081FE2A3459}.Release|x86.ActiveCfg = Release|Win32
		{0D54F605-62A4-455B-9312-8081FE2A3459}.Release|x86.Build.0 = Release|Win32
		{AF40870D-4CF8-4830-BA54-8ED933E329AF}.Debug|x64.ActiveCfg = Debug|x64
		{AF40870D-4CF8-4830-BA54-8ED933E329AF}.Debug|x64.Build.0 = Debug|x64
		{AF40870D-4CF8-4830-BA54-8ED933E329AF}.Debug|x86.ActiveCfg = Debug|Win32
		{AF40870D-4CF8-4830-BA54-8ED933E329AF}.Debug|x86.Build.0 = Debug|Win32
		{AF40870D-4CF8-4830-BA54-8ED933E329AF}.Release|x64.ActiveCfg = Release|x64
		{AF40870D-4CF8-4830-BA54-8ED933E329AF}.Release|x64.Build.0 = Release|x64
		{AF40870D-4CF8-4830-BA54-8ED933E329AF}.Release|x86.ActiveCfg = Release|Win32
		{AF40870D-4CF8-4830-BA54-8ED933E329AF}.Release|x86.Build.0 = Release|Win32
		{B3940023-F2AF-45E0-A274-D841B3B9E578}.Debug|x64.ActiveCfg = Debug|x64
		{B3940023-F2AF-45E0-A274-D841B3B9E578}.Debug|x64.Build.0 = Debug|x64
		{B3940023-F2AF-45E0-A274-D841B3B9E578}.Debug|x86.ActiveCfg = Debug|Win32
		{B3940023-F2AF-45E0-A274-D841B3B9E578}.Debug|x86.Build.0 = Debug|Win32
		{B3940023-F2AF-45E0-A274-D841B3B9E578}.Release|x64.ActiveCfg = Release|x64
		{B3940023-F2AF-45E0-A274-D841B3B9E578}.Release|x64.Build.0 = Release|x64
		{B3940023-F2AF-45E0-A274-D841B3B9E578}.Release|x86.ActiveCfg = Release|Win32
		{B3940023-F2AF-45E0-A274-D841B3B9E578}.Release|x86.Build.0 = Release|Win32
		{FD0C7BA2-F727-42E7-839F-3CB59E9B7627}.Debug|x64.ActiveCfg = Debug|x64
		{FD0C7BA2-F727-42E7-839F-3CB59E9B7627}.Debug|x64.Build.0 = Debug|x64
		{FD0C7BA2-F727-42E7-839F-3CB59E9B7627}.Debug|x86.ActiveCfg = Debug|Win32
		{FD0C7BA2-F727-42E7-839F-3CB59E9B7627}.Debug|x86.Build.0 = Debug|Win32
		{FD0C7BA2-F727-42E7-839F-3CB59E9B7627}.Release|x64.ActiveCfg = Release|x64
		{FD0C7BA2-F727-42E7-839F-3CB59E9B7627}.Release|x64.Build.0 = Release|x64
		{FD0C7BA2-F727-42E7-839F-3CB59E9B7627}.Release|x86.ActiveCfg = Release|Win32
		{FD0C7BA2-F727-42E7-839F-3CB59E9B7627}.Release|x86.Build.0 = Release|Win32
		{9BF1CF1F-476D-4ACD-8342-E73D9C835266}.Debug|x64.ActiveCfg = Debug|x64
		{9BF1CF1F-476D-4ACD-8342-E73D9C835266}.Debug|x64.Build.0 = Debug|x64
		{9BF1CF1F-476D-4ACD-8342-E73D9C835266}.Debug|x86.ActiveCfg = Debug|Win32
		{9BF1CF1F-476D-4ACD-8342-E73D9C835266}.Debug|x86.Build.0 = Debug|Win32
		{9BF1CF1F-476D-4ACD-8342-E73D9C835266}.Release|x64.ActiveCfg = Release|x64
		{9BF1CF1F-476D-4ACD-8342-E73D9C835266}.Release|x64.Build.0 = Release|x64
		{9BF1CF1F-476D-4ACD-8342-E73D9C835266}.Release|x86.ActiveCfg = Release|Win32
		{9BF1CF1F-476D-4ACD-8342-E73D9C835266}.Release|x86.Build.0 = Release|Win32
		{69A4E05E-30CD-4992-8B57-27FDBFCF8276}.Debug|x64.ActiveCfg = Debug|x64
		{69A4E05E-30CD-4992-8B57-27FDBFCF8276}.Debug|x64.Build.0 = Debug|x64
		{69A4E05E-30CD-4992-8B57-27FDBFCF8276}.Debug|x86.ActiveCfg = Debug|Win32
		{69A4E05E-30CD-4992-8B57-27FDBFCF8276}.Debug|x86.Build.0 = Debug|Win32
		{69A4E05E-30CD-4992-8B57-27FDBFCF8276}.Release|x64.ActiveCfg = Release|x64
		{69A4E05E-30CD-4992-8B57-27FDBFCF8276}.Release|x64.Build.0 = Release|x64
		{69A4E05E-30CD-4992-8B57-27FDBFCF8276}.Release|x86.ActiveCfg = Release|Win32
		{69A4E05E-30CD-4992-8B57-27FDBFCF8276}.Release|x86.Build.0 = Release|Win32
		{C451D780-B9B8-46ED-B646-36C0A23F1614}.Debug|x64.ActiveCfg = Debug|x64
		{C451D780-B9B8-46ED-B646-36C0A23F1614}.Debug|x64.Build.0 = Debug|x64
		{C451D780-B9B8-46ED-B646-36C0A23F1614}.Debug|x86.ActiveCfg = Debug|Win32
		{C451D780-B9B8-46ED-B646-36C0A23F1614}.Debug|x86.Build.0 = Debug|Win32
		{C451D780-B9B8-46ED-B646-36C0A23F1614}.Release|x64.ActiveCfg = Release|x64
		{C451D780-B9B8-46ED-B646-36C0A23F1614}.Release|x64.Build.0 = Release|x64
		{C451D780-B9B8-46ED-B646-36C0A23F1614}.Release|x86.ActiveCfg = Release|Win32
		{C451D780-B9B8-46ED-B646-36C0A23F1614}.Release|x86.Build.0 = Release|Win32
		{B16066AF-F4F0-476A-8DC3-4FCB8B265D2D}.Debug|x64.ActiveCfg = Debug|x64
		{B16066AF-F4F0-476A-8DC3-4FCB8B265D2D}.Debug|x64.Build.0 = Debug|x64
		{B16066AF-F4F0-476A-8DC3-4FCB8B265D2D}.Debug|x86.ActiveCfg = Debug|Win32
		{B16066AF-F4F0-476A-8DC3-4FCB8B265D2D}.Debug|x86.Build.0 = Debug|Win32
		{B16066AF-F4F0-476A-8DC3-4FCB8B265D2D}.Release|x64.ActiveCfg = Release|x64
		{B16066AF-F4F0-476A-8DC3-4FCB8B265D2D}.Release|x64.Build.0 = Release|x64
		{B16066AF-F4F0-476A-8DC3-4FCB8B265D2D}.Release|x86.ActiveCfg = Release|Win32
		{B16066AF-F4F0-476A-8DC3-4FCB8B265D2D}.Release|x86.Build.0 = Release|Win32
		{AD33D590-AB92-4D0D-B38C-EC1647E3FD18}.Debug|x64.ActiveCfg = Debug|x64
		{AD33D590-AB92-4D0D-B38C-EC1647E3FD18}.Debug|x64.Build.0 = Debug|x64
		{AD33D590-AB92-4D0D-B38C-EC1647E3FD18}.Debug|x86.ActiveCfg = Debug|Win32
		{AD33D590-AB92-4D0D-B38C-EC1647E3FD18}.Debug|x86.Build.0 = Debug|Win32
		{AD33D590-AB92-4D0D-B38C-EC1647E3FD18}.Release|x64.ActiveCfg = Release|x64
		{AD33D590-AB92-4D0D-B38C-EC1647E3FD18}.Release|x64.Build.0 = Release|x64
		{AD33D590-AB92-4D0D-B38C-EC1647E3FD18}.Release|x86.ActiveCfg = Release|Win32
		{AD33D590-AB92-4D0D-B38C-EC1647E3FD18}.Release|x86.Build.0 = Release|Win32
		{07B0132E-1E12-419E-9CE9-203F6379300C}.Debug|x64.ActiveCfg = Debug|x64
		{07B0132E-1E12-419E-9CE9-203F6379300C}.Debug|x64.Build.0 = Debug|x64
		{07B0132E-1E12-419E-9CE9-203F6379300C}.Debug|x86.ActiveCfg = Debug|Win32
		{07B0132E-1E12-419E-9CE9-203F6379300C}.Debug|x86.Build.0 = Debug|Win32
		{07B0132E-1E12-419E-9CE9-203F6379300C}.Release|x64.ActiveCfg = Release|x64
		{07B0132E-1E12-419E-9CE9-203F6379300C}.Release|x64.Build.0 = Release|x64
		{07B0132E-1E12-419E-9CE9-203F6379300C}.Release|x86.ActiveCfg = Release|Win32
		{07B0132E-1E12-419E-9CE9-203F6379300C}.Release|x86.Build.0 = Release|Win32
		{BCD074AD-5EAF-47CB-AD3F-4F548D7F3D0A}.Debug|x64.ActiveCfg = Debug|x64
		{BCD074AD-5EAF-47CB-AD3F-4F548D7F3D0A}.Debug|x64.Build.0 = Debug|x64
		{BCD074AD-5EAF-47CB-AD3F-4F548D7F3D0A}.Debug|x86.ActiveCfg = Debug|Win32
		{BCD074AD-5EAF-47CB-AD3F-4F548D7F3D0A}.Debug|x86.Build.0 = Debug|Win32
		{BCD074AD-5EAF-47CB-AD3F-4F548D7F3D0A}.Release|x64.ActiveCfg = Release|x64
		{BCD074AD-5EAF-47CB-AD3F-4F548D7F3D0A}.Release|x64.Build.0 = Release|x64
		{BCD074AD-5EAF-47CB-AD3F-4F548D7F3D0A}.Release|x86.ActiveCfg = Release|Win32
		{BCD074AD-5EAF-47CB-AD3F-4F548D7F3D0A}.Release|x86.Build.0 = Release|Win32
	EndGlobalSection
	GlobalSection(SolutionProperties) = preSolution
		HideSolutionNode = FALSE
	EndGlobalSection
	GlobalSection(NestedProjects) = preSolution
		{1C356D6F-F35E-48B2-BA47-3B3D828ED93A} = {056B7D6E-520D-4514-B1E1-1F133971B504}
		{342AD5A5-D9EF-44C3-84B6-4562C1751075} = {A481C6F0-31A2-4F6E-BFC9-6B851BC304D9}
		{96F96826-D0FB-4676-8039-6E346D2E26A0} = {A481C6F0-31A2-4F6E-BFC9-6B851BC304D9}
		{8EAFD93D-4005-44DE-95DB-CA281784D80B} = {A481C6F0-31A2-4F6E-BFC9-6B851BC304D9}
		{5708C742-2DE2-448F-9B8B-755FAB03F989} = {A481C6F0-31A2-4F6E-BFC9-6B851BC304D9}
		{0D54F605-62A4-455B-9312-8081FE2A3459} = {A481C6F0-31A2-4F6E-BFC9-6B851BC304D9}
		{AF40870D-4CF8-4830-BA54-8ED933E329AF} = {A481C6F0-31A2-4F6E-BFC9-6B851BC304D9}
		{B3940023-F2AF-45E0-A274-D841B3B9E578} = {A481C6F0-31A2-4F6E-BFC9-6B851BC304D9}
		{FD0C7BA2-F727-42E7-839F-3CB59E9B7627} = {A481C6F0-31A2-4F6E-BFC9-6B851BC304D9}
		{9BF1CF1F-476D-4ACD-8342-E73D9C835266} = {A481C6F0-31A2-4F6E-BFC9-6B851BC304D9}
		{69A4E05E-30CD-4992-8B57-27FDBFCF8276} = {471348E6-7EC2-48BB-BA39-F600E4B870CC}
		{C451D780-B9B8-46ED-B646-36C0A23F1614} = {86C755D6-48D7-439D-AD96-9447EB3FCADD}
		{B16066AF-F4F0-476A-8DC3-4FCB8B265D2D} = {86C755D6-48D7-439D-AD96-9447EB3FCADD}
		{AD33D590-AB92-4D0D-B38C-EC1647E3FD18} = {A481C6F0-31A2-4F6E-BFC9-6B851BC304D9}
		{07B0132E-1E12-419E-9CE9-203F6379300C} = {A481C6F0-31A2-4F6E-BFC9-6B851BC304D9}
		{BCD074AD-5EAF-47CB-AD3F-4F548D7F3D0A} = {A481C6F0-31A2-4F6E-BFC9-6B851BC304D9}
	EndGlobalSection
	GlobalSection(ExtensibilityGlobals) = postSolution
		SolutionGuid = {E5EA4DE4-4BB9-4B31-B5A4-8C233EB0C41F}
	EndGlobalSection
EndGlobal
