<?xml version="1.0" encoding="utf-8"?>
<Project ToolsVersion="4.0" xmlns="http://schemas.microsoft.com/developer/msbuild/2003">
  <ItemGroup>
    <Filter Include="Source Files">
      <UniqueIdentifier>{4FC737F1-C7A5-4376-A066-2A32D752A2FF}</UniqueIdentifier>
      <Extensions>cpp;c;cc;cxx;c++;cppm;ixx;def;odl;idl;hpj;bat;asm;asmx</Extensions>
    </Filter>
    <Filter Include="Header Files">
      <UniqueIdentifier>{93995380-89BD-4b04-88EB-625FBE52EBFB}</UniqueIdentifier>
      <Extensions>h;hh;hpp;hxx;h++;hm;inl;inc;ipp;xsd</Extensions>
    </Filter>
    <Filter Include="Resource Files">
      <UniqueIdentifier>{67DA6AB6-F800-4c08-8B7A-83BB121AAD01}</UniqueIdentifier>
      <Extensions>rc;ico;cur;bmp;dlg;rc2;rct;bin;rgs;gif;jpg;jpeg;jpe;resx;tiff;tif;png;wav;mfcribbon-ms</Extensions>
    </Filter>
  </ItemGroup>
  <ItemGroup>
    <ClInclude Include="Convexhull.h">
      <Filter>Header Files</Filter>
    </ClInclude>
    <ClInclude Include="BinarySpacePartition.h">
      <Filter>Header Files</Filter>
    </ClInclude>
    <ClInclude Include="MotionPlaning.h">
      <Filter>Header Files</Filter>
    </ClInclude>
    <ClInclude Include="Triangulation.h">
      <Filter>Header Files</Filter>
    </ClInclude>
    <ClInclude Include="Trees\BinarySearchTree.h">
      <Filter>Header Files</Filter>
    </ClInclude>
    <ClInclude Include="Trees\KDTree.h">
      <Filter>Header Files</Filter>
    </ClInclude>
    <ClInclude Include="Trees\RangeTree.h">
      <Filter>Header Files</Filter>
    </ClInclude>
    <ClInclude Include="Trees\IntervelTree.h">
      <Filter>Header Files</Filter>
    </ClInclude>
    <ClInclude Include="Trees\SegmentTree.h">
      <Filter>Header Files</Filter>
    </ClInclude>
    <ClInclude Include="Trees\QuadTree.h">
      <Filter>Header Files</Filter>
    </ClInclude>
    <ClInclude Include="Trees\Octree.h">
      <Filter>Header Files</Filter>
    </ClInclude>
    <ClInclude Include="Core\GeoUtils.h">
      <Filter>Header Files</Filter>
    </ClInclude>
    <ClInclude Include="Trees\PartitionTree.h">
      <Filter>Header Files</Filter>
    </ClInclude>
    <ClInclude Include="Trees\RedBlackTree.h">
      <Filter>Header Files</Filter>
    </ClInclude>
    <ClInclude Include="Trapezoidation.h">
      <Filter>Header Files</Filter>
    </ClInclude>
    <ClInclude Include="Core\Base\Vector.h">
      <Filter>Header Files</Filter>
    </ClInclude>
    <ClInclude Include="Core\Primitives\Point.h">
      <Filter>Header Files</Filter>
    </ClInclude>
    <ClInclude Include="Core\Primitives\Line.h">
      <Filter>Header Files</Filter>
    </ClInclude>
    <ClInclude Include="Core\Primitives\Segment.h">
      <Filter>Header Files</Filter>
    </ClInclude>
    <ClInclude Include="Core\Distance.h">
      <Filter>Header Files</Filter>
    </ClInclude>
    <ClInclude Include="Core\Intersection.h">
      <Filter>Header Files</Filter>
    </ClInclude>
    <ClInclude Include="Core\AreaVolumn.h">
      <Filter>Header Files</Filter>
    </ClInclude>
    <ClInclude Include="Core\Primitives\Plane.h">
      <Filter>Header Files</Filter>
    </ClInclude>
    <ClInclude Include="Core\Primitives\Polygon.h">
      <Filter>Header Files</Filter>
    </ClInclude>
    <ClInclude Include="Core\Base\Core.h">
      <Filter>Header Files</Filter>
    </ClInclude>
    <ClInclude Include="Core\Primitives\Polyhedron.h">
      <Filter>Header Files</Filter>
    </ClInclude>
    <ClInclude Include="Core\Inclusion.h">
      <Filter>Header Files</Filter>
    </ClInclude>
    <ClInclude Include="Voronoi.h">
      <Filter>Header Files</Filter>
    </ClInclude>
    <ClInclude Include="Core\Primitives\Bounds.h">
      <Filter>Header Files</Filter>
    </ClInclude>
    <ClInclude Include="Core\Primitives\PolygonDCEL.h">
      <Filter>Header Files</Filter>
    </ClInclude>
    <ClInclude Include="MonotonePartition.h">
      <Filter>Header Files</Filter>
    </ClInclude>
    <ClInclude Include="Core\Angle.h">
      <Filter>Header Files</Filter>
    </ClInclude>
    <ClInclude Include="Trees\TreeNodes.h">
      <Filter>Header Files</Filter>
    </ClInclude>
    <ClInclude Include="Core\Primitives\Boundaries.h">
      <Filter>Header Files</Filter>
    </ClInclude>
  </ItemGroup>
  <ItemGroup>
    <ClCompile Include="Core\Base\Vector.cpp">
      <Filter>Source Files</Filter>
    </ClCompile>
    <ClCompile Include="Core\Primitives\Polygon.cpp">
      <Filter>Source Files</Filter>
    </ClCompile>
    <ClCompile Include="Convexhull.cpp">
      <Filter>Source Files</Filter>
    </ClCompile>
    <ClCompile Include="Core\GeoUtils.cpp">
      <Filter>Source Files</Filter>
    </ClCompile>
    <ClCompile Include="Core\Distance.cpp">
      <Filter>Source Files</Filter>
    </ClCompile>
    <ClCompile Include="Core\Inclusion.cpp">
      <Filter>Source Files</Filter>
    </ClCompile>
    <ClCompile Include="Core\Primitives\Line.cpp">
      <Filter>Source Files</Filter>
    </ClCompile>
    <ClCompile Include="Core\Primitives\Point.cpp">
      <Filter>Source Files</Filter>
    </ClCompile>
    <ClCompile Include="Voronoi.cpp">
      <Filter>Source Files</Filter>
    </ClCompile>
    <ClCompile Include="Core\Intersection.cpp">
      <Filter>Source Files</Filter>
    </ClCompile>
    <ClCompile Include="MonotonePartition.cpp">
      <Filter>Source Files</Filter>
    </ClCompile>
    <ClCompile Include="Triangulation.cpp">
      <Filter>Source Files</Filter>
    </ClCompile>
    <ClCompile Include="Core\Angle.cpp">
      <Filter>Source Files</Filter>
    </ClCompile>
    <ClCompile Include="Trees\KDTree.cpp">
      <Filter>Source Files</Filter>
    </ClCompile>
    <ClCompile Include="BinarySpacePartition.cpp">
      <Filter>Source Files</Filter>
    </ClCompile>
    <ClCompile Include="Trees\QuadTree.cpp">
      <Filter>Source Files</Filter>
    </ClCompile>
  </ItemGroup>
</Project>